{
    "_readme": [
        "This file locks the dependencies of your project to a known state",
        "Read more about it at https://getcomposer.org/doc/01-basic-usage.md#installing-dependencies",
        "This file is @generated automatically"
    ],
    "content-hash": "9237647928172279b995912c037ebe4f",
    "packages": [
        {
            "name": "drewlabs/curl-client",
            "version": "v0.3.0",
            "source": {
                "type": "git",
                "url": "https://github.com/azandrew-sidoine/drewlabs-curl-client.git",
                "reference": "75dfc6efc5084b6ad6a61a48616cd95a2af21e1e"
            },
            "dist": {
                "type": "zip",
                "url": "https://api.github.com/repos/azandrew-sidoine/drewlabs-curl-client/zipball/75dfc6efc5084b6ad6a61a48616cd95a2af21e1e",
                "reference": "75dfc6efc5084b6ad6a61a48616cd95a2af21e1e",
                "shasum": ""
            },
            "require": {
                "ext-curl": "*",
                "php": ">=7.0"
            },
            "require-dev": {
                "donatj/mock-webserver": "^2.5",
                "phpunit/phpunit": ">=6.0"
            },
            "type": "library",
            "autoload": {
                "psr-4": {
                    "Drewlabs\\Curl\\": "src/"
                }
            },
            "notification-url": "https://packagist.org/downloads/",
            "license": [
                "MIT"
            ],
            "authors": [
                {
                    "name": "azandrew-sidoine",
                    "email": "asmyns.platonnas29@gmail.com"
                }
            ],
            "description": "Provides a PHP class around PHP curl object and Psr18 client based on the curl library",
            "keywords": [
                "curl",
                "http"
            ],
            "support": {
                "issues": "https://github.com/azandrew-sidoine/drewlabs-curl-client/issues",
                "source": "https://github.com/azandrew-sidoine/drewlabs-curl-client/tree/v0.3.0"
            },
            "time": "2023-03-28T12:20:14+00:00"
        },
        {
            "name": "drewlabs/curl-rest-client",
            "version": "v0.2.8",
            "source": {
                "type": "git",
                "url": "https://github.com/azandrew-sidoine/curl-rest-client.git",
                "reference": "d0d92ccee5b8d5e9ca72dd25f0aa4cadc53aa143"
            },
            "dist": {
                "type": "zip",
                "url": "https://api.github.com/repos/azandrew-sidoine/curl-rest-client/zipball/d0d92ccee5b8d5e9ca72dd25f0aa4cadc53aa143",
                "reference": "d0d92ccee5b8d5e9ca72dd25f0aa4cadc53aa143",
                "shasum": ""
            },
            "require": {
                "drewlabs/curl-client": "^0.3.0"
            },
            "require-dev": {
                "donatj/mock-webserver": "^2.6",
                "phpunit/phpunit": ">=6.0"
            },
            "type": "library",
            "autoload": {
                "psr-4": {
                    "Drewlabs\\Curl\\REST\\": "src/"
                }
            },
            "notification-url": "https://packagist.org/downloads/",
            "license": [
                "MIT"
            ],
            "authors": [
                {
                    "name": "azandrew-sidoine",
                    "email": "asmyns.platonnas29@gmail.com"
                }
            ],
            "description": "Built on top of curl client library, it offers REST supported HTTP verbs for sending request to backend service.",
            "support": {
                "issues": "https://github.com/azandrew-sidoine/curl-rest-client/issues",
                "source": "https://github.com/azandrew-sidoine/curl-rest-client/tree/v0.2.8"
            },
            "time": "2023-04-23T14:13:15+00:00"
        }
    ],
    "packages-dev": [],
    "aliases": [],
    "minimum-stability": "dev",
    "stability-flags": [],
    "prefer-stable": true,
    "prefer-lowest": false,
    "platform": [],
    "platform-dev": [],
    "plugin-api-version": "2.3.0"
}
